
Microsoft Visual Studio Solution File, Format Version 12.00
Project("{FAE04EC0-301F-11D3-BF4B-00C04F79EFBC}") = "StoreManager", "StoreManager\StoreManager.csproj", "{EABA14B3-0DF9-4BE1-8344-C059A2A25FFF}"
EndProject
Global
	GlobalSection(SolutionConfigurationPlatforms) = preSolution
		Debug|Any CPU = Debug|Any CPU
		Release|Any CPU = Release|Any CPU
	EndGlobalSection
	GlobalSection(ProjectConfigurationPlatforms) = postSolution
		{EABA14B3-0DF9-4BE1-8344-C059A2A25FFF}.Debug|Any CPU.ActiveCfg = Debug|Any CPU
		{EABA14B3-0DF9-4BE1-8344-C059A2A25FFF}.Debug|Any CPU.Build.0 = Debug|Any CPU
		{EABA14B3-0DF9-4BE1-8344-C059A2A25FFF}.Release|Any CPU.ActiveCfg = Release|Any CPU
		{EABA14B3-0DF9-4BE1-8344-C059A2A25FFF}.Release|Any CPU.Build.0 = Release|Any CPU
	EndGlobalSection
EndGlobal
